
Microsoft Visual Studio Solution File, Format Version 12.00
# Visual Studio Version 16
VisualStudioVersion = 16.0.29728.190
MinimumVisualStudioVersion = 10.0.40219.1
Project("{FAE04EC0-301F-11D3-BF4B-00C04F79EFBC}") = "RentApi", "RentApi.csproj", "{FA793B29-238B-407B-884A-34B39037DBBB}"
EndProject
Global
	GlobalSection(SolutionConfigurationPlatforms) = preSolution
		Debug|Any CPU = Debug|Any CPU
		Release|Any CPU = Release|Any CPU
	EndGlobalSection
	GlobalSection(ProjectConfigurationPlatforms) = postSolution
		{FA793B29-238B-407B-884A-34B39037DBBB}.Debug|Any CPU.ActiveCfg = Debug|Any CPU
		{FA793B29-238B-407B-884A-34B39037DBBB}.Debug|Any CPU.Build.0 = Debug|Any CPU
		{FA793B29-238B-407B-884A-34B39037DBBB}.Release|Any CPU.ActiveCfg = Release|Any CPU
		{FA793B29-238B-407B-884A-34B39037DBBB}.Release|Any CPU.Build.0 = Release|Any CPU
	EndGlobalSection
	GlobalSection(SolutionProperties) = preSolution
		HideSolutionNode = FALSE
	EndGlobalSection
	GlobalSection(ExtensibilityGlobals) = postSolution
		SolutionGuid = {440DE6BA-C0E2-49D4-AD6A-05321E81BF0D}
	EndGlobalSection
EndGlobal
